
Microsoft Visual Studio Solution File, Format Version 12.00
# Visual Studio Version 16
VisualStudioVersion = 16.0.30611.23
MinimumVisualStudioVersion = 10.0.40219.1
Project("{FAE04EC0-301F-11D3-BF4B-00C04F79EFBC}") = "ContaB", "ContaB\ContaB.csproj", "{3F95C194-F46D-4BAD-A119-E9F0D61BD617}"
EndProject
Global
	GlobalSection(SolutionConfigurationPlatforms) = preSolution
		Debug|Any CPU = Debug|Any CPU
		Release|Any CPU = Release|Any CPU
	EndGlobalSection
	GlobalSection(ProjectConfigurationPlatforms) = postSolution
		{3F95C194-F46D-4BAD-A119-E9F0D61BD617}.Debug|Any CPU.ActiveCfg = Debug|Any CPU
		{3F95C194-F46D-4BAD-A119-E9F0D61BD617}.Debug|Any CPU.Build.0 = Debug|Any CPU
		{3F95C194-F46D-4BAD-A119-E9F0D61BD617}.Release|Any CPU.ActiveCfg = Release|Any CPU
		{3F95C194-F46D-4BAD-A119-E9F0D61BD617}.Release|Any CPU.Build.0 = Release|Any CPU
	EndGlobalSection
	GlobalSection(SolutionProperties) = preSolution
		HideSolutionNode = FALSE
	EndGlobalSection
	GlobalSection(ExtensibilityGlobals) = postSolution
		SolutionGuid = {E3CC9E91-F808-4812-9ABC-E31B95A0E955}
	EndGlobalSection
EndGlobal
